
Microsoft Visual Studio Solution File, Format Version 12.00
# Visual Studio Version 17
VisualStudioVersion = 17.12.35707.178
MinimumVisualStudioVersion = 10.0.40219.1
Project("{FAE04EC0-301F-11D3-BF4B-00C04F79EFBC}") = "Freelance", "Freelance.csproj", "{95364A99-B86D-4F9A-8CD0-24534354F187}"
EndProject
Project("{FAE04EC0-301F-11D3-BF4B-00C04F79EFBC}") = "FreelanceWeb", "FreelanceWeb\FreelanceWeb.csproj", "{2D9145AE-91DC-4842-8BDB-424259574DB5}"
EndProject
Project("{FAE04EC0-301F-11D3-BF4B-00C04F79EFBC}") = "Services", "Services\Services.csproj", "{22C0F095-2974-4C0C-89C1-34B066C05027}"
EndProject
Global
	GlobalSection(SolutionConfigurationPlatforms) = preSolution
		Debug|Any CPU = Debug|Any CPU
		Release|Any CPU = Release|Any CPU
	EndGlobalSection
	GlobalSection(ProjectConfigurationPlatforms) = postSolution
		{95364A99-B86D-4F9A-8CD0-24534354F187}.Debug|Any CPU.ActiveCfg = Debug|Any CPU
		{95364A99-B86D-4F9A-8CD0-24534354F187}.Debug|Any CPU.Build.0 = Debug|Any CPU
		{95364A99-B86D-4F9A-8CD0-24534354F187}.Release|Any CPU.ActiveCfg = Release|Any CPU
		{95364A99-B86D-4F9A-8CD0-24534354F187}.Release|Any CPU.Build.0 = Release|Any CPU
		{2D9145AE-91DC-4842-8BDB-424259574DB5}.Debug|Any CPU.ActiveCfg = Debug|Any CPU
		{2D9145AE-91DC-4842-8BDB-424259574DB5}.Debug|Any CPU.Build.0 = Debug|Any CPU
		{2D9145AE-91DC-4842-8BDB-424259574DB5}.Release|Any CPU.ActiveCfg = Release|Any CPU
		{2D9145AE-91DC-4842-8BDB-424259574DB5}.Release|Any CPU.Build.0 = Release|Any CPU
		{22C0F095-2974-4C0C-89C1-34B066C05027}.Debug|Any CPU.ActiveCfg = Debug|Any CPU
		{22C0F095-2974-4C0C-89C1-34B066C05027}.Debug|Any CPU.Build.0 = Debug|Any CPU
		{22C0F095-2974-4C0C-89C1-34B066C05027}.Release|Any CPU.ActiveCfg = Release|Any CPU
		{22C0F095-2974-4C0C-89C1-34B066C05027}.Release|Any CPU.Build.0 = Release|Any CPU
	EndGlobalSection
	GlobalSection(SolutionProperties) = preSolution
		HideSolutionNode = FALSE
	EndGlobalSection
EndGlobal
